
Microsoft Visual Studio Solution File, Format Version 12.00
# Visual Studio 14
VisualStudioVersion = 14.0.25420.1
MinimumVisualStudioVersion = 10.0.40219.1
Project("{FAE04EC0-301F-11D3-BF4B-00C04F79EFBC}") = "ActiveX_CSharp", "ActiveX_CSharp\ActiveX_CSharp.csproj", "{737540E1-505D-4753-BBF1-BD7EB60794F5}"
EndProject
Project("{54435603-DBB4-11D2-8724-00A0C9A8B90C}") = "SetupActiveX_CSharp", "SetupActiveX_CSharp\SetupActiveX_CSharp.vdproj", "{7DC3ED93-8790-48BA-99A2-56CC4BC5C842}"
EndProject
Global
	GlobalSection(SolutionConfigurationPlatforms) = preSolution
		Debug|Any CPU = Debug|Any CPU
		Release|Any CPU = Release|Any CPU
	EndGlobalSection
	GlobalSection(ProjectConfigurationPlatforms) = postSolution
		{737540E1-505D-4753-BBF1-BD7EB60794F5}.Debug|Any CPU.ActiveCfg = Debug|Any CPU
		{737540E1-505D-4753-BBF1-BD7EB60794F5}.Debug|Any CPU.Build.0 = Debug|Any CPU
		{737540E1-505D-4753-BBF1-BD7EB60794F5}.Release|Any CPU.ActiveCfg = Release|Any CPU
		{737540E1-505D-4753-BBF1-BD7EB60794F5}.Release|Any CPU.Build.0 = Release|Any CPU
		{7DC3ED93-8790-48BA-99A2-56CC4BC5C842}.Debug|Any CPU.ActiveCfg = Debug
		{7DC3ED93-8790-48BA-99A2-56CC4BC5C842}.Release|Any CPU.ActiveCfg = Release
	EndGlobalSection
	GlobalSection(SolutionProperties) = preSolution
		HideSolutionNode = FALSE
	EndGlobalSection
EndGlobal
